
Microsoft Visual Studio Solution File, Format Version 12.00
# Visual Studio Version 17
VisualStudioVersion = 17.4.33122.133
MinimumVisualStudioVersion = 10.0.40219.1
Project("{FAE04EC0-301F-11D3-BF4B-00C04F79EFBC}") = "BlazorChatSignalR.Server", "Server\BlazorChatSignalR.Server.csproj", "{4C2CB607-56B3-4E6D-9FAA-9AF00808DDF2}"
EndProject
Project("{FAE04EC0-301F-11D3-BF4B-00C04F79EFBC}") = "BlazorChatSignalR.Client", "Client\BlazorChatSignalR.Client.csproj", "{D732C5ED-C778-4240-8012-8026E5FCCBCE}"
EndProject
Project("{FAE04EC0-301F-11D3-BF4B-00C04F79EFBC}") = "BlazorChatSignalR.Shared", "Shared\BlazorChatSignalR.Shared.csproj", "{56552A08-DA6E-45DC-8BA3-3B54AD76316A}"
EndProject
Global
	GlobalSection(SolutionConfigurationPlatforms) = preSolution
		Debug|Any CPU = Debug|Any CPU
		Release|Any CPU = Release|Any CPU
	EndGlobalSection
	GlobalSection(ProjectConfigurationPlatforms) = postSolution
		{4C2CB607-56B3-4E6D-9FAA-9AF00808DDF2}.Debug|Any CPU.ActiveCfg = Debug|Any CPU
		{4C2CB607-56B3-4E6D-9FAA-9AF00808DDF2}.Debug|Any CPU.Build.0 = Debug|Any CPU
		{4C2CB607-56B3-4E6D-9FAA-9AF00808DDF2}.Release|Any CPU.ActiveCfg = Release|Any CPU
		{4C2CB607-56B3-4E6D-9FAA-9AF00808DDF2}.Release|Any CPU.Build.0 = Release|Any CPU
		{D732C5ED-C778-4240-8012-8026E5FCCBCE}.Debug|Any CPU.ActiveCfg = Debug|Any CPU
		{D732C5ED-C778-4240-8012-8026E5FCCBCE}.Debug|Any CPU.Build.0 = Debug|Any CPU
		{D732C5ED-C778-4240-8012-8026E5FCCBCE}.Release|Any CPU.ActiveCfg = Release|Any CPU
		{D732C5ED-C778-4240-8012-8026E5FCCBCE}.Release|Any CPU.Build.0 = Release|Any CPU
		{56552A08-DA6E-45DC-8BA3-3B54AD76316A}.Debug|Any CPU.ActiveCfg = Debug|Any CPU
		{56552A08-DA6E-45DC-8BA3-3B54AD76316A}.Debug|Any CPU.Build.0 = Debug|Any CPU
		{56552A08-DA6E-45DC-8BA3-3B54AD76316A}.Release|Any CPU.ActiveCfg = Release|Any CPU
		{56552A08-DA6E-45DC-8BA3-3B54AD76316A}.Release|Any CPU.Build.0 = Release|Any CPU
	EndGlobalSection
	GlobalSection(SolutionProperties) = preSolution
		HideSolutionNode = FALSE
	EndGlobalSection
	GlobalSection(ExtensibilityGlobals) = postSolution
		SolutionGuid = {657D3EFD-BF34-4AAD-BA7B-891DA7F8E2E4}
	EndGlobalSection
EndGlobal
